// !$*UTF8*$!
{
	archiveVersion = 1;
	classes = {
	};
	objectVersion = 50;
	objects = {

/* Begin PBXBuildFile section */
		AE4BFAB12442EF8400ABCBD9 /* WebKit.framework in Frameworks */ = {isa = PBXBuildFile; fileRef = AE4BFAB02442EF8400ABCBD9 /* WebKit.framework */; };
		AE85022F2442DA6A00663917 /* AppDelegate.swift in Sources */ = {isa = PBXBuildFile; fileRef = AE85022E2442DA6A00663917 /* AppDelegate.swift */; };
		AE8502312442DA6A00663917 /* ViewController.swift in Sources */ = {isa = PBXBuildFile; fileRef = AE8502302442DA6A00663917 /* ViewController.swift */; };
		AE8502342442DA6A00663917 /* Main.storyboard in Resources */ = {isa = PBXBuildFile; fileRef = AE8502322442DA6A00663917 /* Main.storyboard */; };
		AE8502362442DA6C00663917 /* Assets.xcassets in Resources */ = {isa = PBXBuildFile; fileRef = AE8502352442DA6C00663917 /* Assets.xcassets */; };
		AE8502392442DA6C00663917 /* LaunchScreen.storyboard in Resources */ = {isa = PBXBuildFile; fileRef = AE8502372442DA6C00663917 /* LaunchScreen.storyboard */; };
		AE8502462442DB7500663917 /* RegisterViewController.swift in Sources */ = {isa = PBXBuildFile; fileRef = AE8502452442DB7500663917 /* RegisterViewController.swift */; };
		AE8502482442DB8300663917 /* WebViewController.swift in Sources */ = {isa = PBXBuildFile; fileRef = AE8502472442DB8300663917 /* WebViewController.swift */; };
		AE85024A2442DB9100663917 /* HomeViewController.swift in Sources */ = {isa = PBXBuildFile; fileRef = AE8502492442DB9100663917 /* HomeViewController.swift */; };
		AE85024C2442DB9F00663917 /* FormViewController.swift in Sources */ = {isa = PBXBuildFile; fileRef = AE85024B2442DB9F00663917 /* FormViewController.swift */; };
		AE85024E2442DBAC00663917 /* TableViewController.swift in Sources */ = {isa = PBXBuildFile; fileRef = AE85024D2442DBAC00663917 /* TableViewController.swift */; };
		AE8502502442DBCC00663917 /* SiteCell.swift in Sources */ = {isa = PBXBuildFile; fileRef = AE85024F2442DBCC00663917 /* SiteCell.swift */; };
		AE8502522442DBEA00663917 /* FormData.swift in Sources */ = {isa = PBXBuildFile; fileRef = AE8502512442DBEA00663917 /* FormData.swift */; };
		AE8502542442DBFB00663917 /* RegisterData.swift in Sources */ = {isa = PBXBuildFile; fileRef = AE8502532442DBFB00663917 /* RegisterData.swift */; };
		AE88D87B2443D38100B50538 /* FinalProjectDB.db in Resources */ = {isa = PBXBuildFile; fileRef = AE88D87A2443D38100B50538 /* FinalProjectDB.db */; };
		AE8BB42F24459BE300275084 /* logo.png in Resources */ = {isa = PBXBuildFile; fileRef = AE8BB42E24459BE300275084 /* logo.png */; };
		AE8BB4322445A6B500275084 /* jazz.mp3 in Resources */ = {isa = PBXBuildFile; fileRef = AE8BB4312445A6B500275084 /* jazz.mp3 */; };
		AE8BB4342445A6CE00275084 /* AVFoundation.framework in Frameworks */ = {isa = PBXBuildFile; fileRef = AE8BB4332445A6CD00275084 /* AVFoundation.framework */; };
		AEE186642442EDC200B32005 /* libsqlite3.0.tbd in Frameworks */ = {isa = PBXBuildFile; fileRef = AEE186622442EDC200B32005 /* libsqlite3.0.tbd */; };
		AEE186652442EDC200B32005 /* libsqlite3.tbd in Frameworks */ = {isa = PBXBuildFile; fileRef = AEE186632442EDC200B32005 /* libsqlite3.tbd */; };
		AEE186672443084A00B32005 /* MessageUI.framework in Frameworks */ = {isa = PBXBuildFile; fileRef = AEE186662443084A00B32005 /* MessageUI.framework */; };
		AEFA5E4A24452167000F9AC5 /* fvWallpaper.jpg in Resources */ = {isa = PBXBuildFile; fileRef = AEFA5E4924452167000F9AC5 /* fvWallpaper.jpg */; };
		AEFA5E4C24452AE4000F9AC5 /* fvBackground.jpg in Resources */ = {isa = PBXBuildFile; fileRef = AEFA5E4B24452AE4000F9AC5 /* fvBackground.jpg */; };
		AEFA5E5A24454506000F9AC5 /* wallpaper.jpg in Resources */ = {isa = PBXBuildFile; fileRef = AEFA5E5924454506000F9AC5 /* wallpaper.jpg */; };
		AEFA5E6224454925000F9AC5 /* appTitle.png in Resources */ = {isa = PBXBuildFile; fileRef = AEFA5E6124454925000F9AC5 /* appTitle.png */; };
		AEFA5E6924454EA7000F9AC5 /* EventKit.framework in Frameworks */ = {isa = PBXBuildFile; fileRef = AEFA5E6824454EA7000F9AC5 /* EventKit.framework */; };
		AEFA5E7024469AD3000F9AC5 /* female.png in Resources */ = {isa = PBXBuildFile; fileRef = AEFA5E6E24469AD3000F9AC5 /* female.png */; };
		AEFA5E7124469AD3000F9AC5 /* male.png in Resources */ = {isa = PBXBuildFile; fileRef = AEFA5E6F24469AD3000F9AC5 /* male.png */; };
/* End PBXBuildFile section */

/* Begin PBXFileReference section */
		AE4BFAB02442EF8400ABCBD9 /* WebKit.framework */ = {isa = PBXFileReference; lastKnownFileType = wrapper.framework; name = WebKit.framework; path = System/Library/Frameworks/WebKit.framework; sourceTree = SDKROOT; };
		AE85022B2442DA6A00663917 /* MedixFinalProject.app */ = {isa = PBXFileReference; explicitFileType = wrapper.application; includeInIndex = 0; path = MedixFinalProject.app; sourceTree = BUILT_PRODUCTS_DIR; };
		AE85022E2442DA6A00663917 /* AppDelegate.swift */ = {isa = PBXFileReference; lastKnownFileType = sourcecode.swift; path = AppDelegate.swift; sourceTree = "<group>"; };
		AE8502302442DA6A00663917 /* ViewController.swift */ = {isa = PBXFileReference; lastKnownFileType = sourcecode.swift; path = ViewController.swift; sourceTree = "<group>"; };
		AE8502332442DA6A00663917 /* Base */ = {isa = PBXFileReference; lastKnownFileType = file.storyboard; name = Base; path = Base.lproj/Main.storyboard; sourceTree = "<group>"; };
		AE8502352442DA6C00663917 /* Assets.xcassets */ = {isa = PBXFileReference; lastKnownFileType = folder.assetcatalog; path = Assets.xcassets; sourceTree = "<group>"; };
		AE8502382442DA6C00663917 /* Base */ = {isa = PBXFileReference; lastKnownFileType = file.storyboard; name = Base; path = Base.lproj/LaunchScreen.storyboard; sourceTree = "<group>"; };
		AE85023A2442DA6C00663917 /* Info.plist */ = {isa = PBXFileReference; lastKnownFileType = text.plist.xml; path = Info.plist; sourceTree = "<group>"; };
		AE8502452442DB7500663917 /* RegisterViewController.swift */ = {isa = PBXFileReference; lastKnownFileType = sourcecode.swift; path = RegisterViewController.swift; sourceTree = "<group>"; };
		AE8502472442DB8300663917 /* WebViewController.swift */ = {isa = PBXFileReference; lastKnownFileType = sourcecode.swift; path = WebViewController.swift; sourceTree = "<group>"; };
		AE8502492442DB9100663917 /* HomeViewController.swift */ = {isa = PBXFileReference; lastKnownFileType = sourcecode.swift; path = HomeViewController.swift; sourceTree = "<group>"; };
		AE85024B2442DB9F00663917 /* FormViewController.swift */ = {isa = PBXFileReference; lastKnownFileType = sourcecode.swift; path = FormViewController.swift; sourceTree = "<group>"; };
		AE85024D2442DBAC00663917 /* TableViewController.swift */ = {isa = PBXFileReference; lastKnownFileType = sourcecode.swift; path = TableViewController.swift; sourceTree = "<group>"; };
		AE85024F2442DBCC00663917 /* SiteCell.swift */ = {isa = PBXFileReference; fileEncoding = 4; lastKnownFileType = sourcecode.swift; path = SiteCell.swift; sourceTree = "<group>"; };
		AE8502512442DBEA00663917 /* FormData.swift */ = {isa = PBXFileReference; lastKnownFileType = sourcecode.swift; path = FormData.swift; sourceTree = "<group>"; };
		AE8502532442DBFB00663917 /* RegisterData.swift */ = {isa = PBXFileReference; lastKnownFileType = sourcecode.swift; path = RegisterData.swift; sourceTree = "<group>"; };
		AE88D87A2443D38100B50538 /* FinalProjectDB.db */ = {isa = PBXFileReference; lastKnownFileType = file; path = FinalProjectDB.db; sourceTree = "<group>"; };
		AE8BB42E24459BE300275084 /* logo.png */ = {isa = PBXFileReference; lastKnownFileType = image.png; path = logo.png; sourceTree = "<group>"; };
		AE8BB4312445A6B500275084 /* jazz.mp3 */ = {isa = PBXFileReference; lastKnownFileType = audio.mp3; path = jazz.mp3; sourceTree = "<group>"; };
		AE8BB4332445A6CD00275084 /* AVFoundation.framework */ = {isa = PBXFileReference; lastKnownFileType = wrapper.framework; name = AVFoundation.framework; path = System/Library/Frameworks/AVFoundation.framework; sourceTree = SDKROOT; };
		AEE186622442EDC200B32005 /* libsqlite3.0.tbd */ = {isa = PBXFileReference; lastKnownFileType = "sourcecode.text-based-dylib-definition"; name = libsqlite3.0.tbd; path = usr/lib/libsqlite3.0.tbd; sourceTree = SDKROOT; };
		AEE186632442EDC200B32005 /* libsqlite3.tbd */ = {isa = PBXFileReference; lastKnownFileType = "sourcecode.text-based-dylib-definition"; name = libsqlite3.tbd; path = usr/lib/libsqlite3.tbd; sourceTree = SDKROOT; };
		AEE186662443084A00B32005 /* MessageUI.framework */ = {isa = PBXFileReference; lastKnownFileType = wrapper.framework; name = MessageUI.framework; path = System/Library/Frameworks/MessageUI.framework; sourceTree = SDKROOT; };
		AEFA5E4924452167000F9AC5 /* fvWallpaper.jpg */ = {isa = PBXFileReference; lastKnownFileType = image.jpeg; path = fvWallpaper.jpg; sourceTree = "<group>"; };
		AEFA5E4B24452AE4000F9AC5 /* fvBackground.jpg */ = {isa = PBXFileReference; lastKnownFileType = image.jpeg; path = fvBackground.jpg; sourceTree = "<group>"; };
		AEFA5E5924454506000F9AC5 /* wallpaper.jpg */ = {isa = PBXFileReference; lastKnownFileType = image.jpeg; path = wallpaper.jpg; sourceTree = "<group>"; };
		AEFA5E6124454925000F9AC5 /* appTitle.png */ = {isa = PBXFileReference; lastKnownFileType = image.png; path = appTitle.png; sourceTree = "<group>"; };
		AEFA5E6824454EA7000F9AC5 /* EventKit.framework */ = {isa = PBXFileReference; lastKnownFileType = wrapper.framework; name = EventKit.framework; path = System/Library/Frameworks/EventKit.framework; sourceTree = SDKROOT; };
		AEFA5E6E24469AD3000F9AC5 /* female.png */ = {isa = PBXFileReference; lastKnownFileType = image.png; path = female.png; sourceTree = "<group>"; };
		AEFA5E6F24469AD3000F9AC5 /* male.png */ = {isa = PBXFileReference; lastKnownFileType = image.png; path = male.png; sourceTree = "<group>"; };
/* End PBXFileReference section */

/* Begin PBXFrameworksBuildPhase section */
		AE8502282442DA6A00663917 /* Frameworks */ = {
			isa = PBXFrameworksBuildPhase;
			buildActionMask = 2147483647;
			files = (
				AE8BB4342445A6CE00275084 /* AVFoundation.framework in Frameworks */,
				AEFA5E6924454EA7000F9AC5 /* EventKit.framework in Frameworks */,
				AEE186672443084A00B32005 /* MessageUI.framework in Frameworks */,
				AEE186642442EDC200B32005 /* libsqlite3.0.tbd in Frameworks */,
				AEE186652442EDC200B32005 /* libsqlite3.tbd in Frameworks */,
				AE4BFAB12442EF8400ABCBD9 /* WebKit.framework in Frameworks */,
			);
			runOnlyForDeploymentPostprocessing = 0;
		};
/* End PBXFrameworksBuildPhase section */

/* Begin PBXGroup section */
		AE4BFAA22442EB2500ABCBD9 /* Images */ = {
			isa = PBXGroup;
			children = (
				AEFA5E6E24469AD3000F9AC5 /* female.png */,
				AEFA5E6F24469AD3000F9AC5 /* male.png */,
				AE8BB42E24459BE300275084 /* logo.png */,
				AEFA5E5924454506000F9AC5 /* wallpaper.jpg */,
				AEFA5E6124454925000F9AC5 /* appTitle.png */,
				AEFA5E4B24452AE4000F9AC5 /* fvBackground.jpg */,
				AEFA5E4924452167000F9AC5 /* fvWallpaper.jpg */,
			);
			path = Images;
			sourceTree = "<group>";
		};
		AE4BFAAF2442EF8400ABCBD9 /* Frameworks */ = {
			isa = PBXGroup;
			children = (
				AE4BFAB02442EF8400ABCBD9 /* WebKit.framework */,
			);
			name = Frameworks;
			sourceTree = "<group>";
		};
		AE8502222442DA6A00663917 = {
			isa = PBXGroup;
			children = (
				AE85022D2442DA6A00663917 /* MedixFinalProject */,
				AE85022C2442DA6A00663917 /* Products */,
				AEE186612442EDC200B32005 /* Frameworks */,
				AE4BFAAF2442EF8400ABCBD9 /* Frameworks */,
			);
			sourceTree = "<group>";
		};
		AE85022C2442DA6A00663917 /* Products */ = {
			isa = PBXGroup;
			children = (
				AE85022B2442DA6A00663917 /* MedixFinalProject.app */,
			);
			name = Products;
			sourceTree = "<group>";
		};
		AE85022D2442DA6A00663917 /* MedixFinalProject */ = {
			isa = PBXGroup;
			children = (
				AE8BB4302445A69B00275084 /* Sounds */,
				AE4BFAA22442EB2500ABCBD9 /* Images */,
				AE8502442442DB4700663917 /* View Controllers */,
				AE8502432442DB3800663917 /* Classes */,
				AE8502422442DB2000663917 /* Story Boards */,
				AE8502412442DB1300663917 /* Assets */,
				AE8502402442DB0200663917 /* DataBase */,
				AE85023A2442DA6C00663917 /* Info.plist */,
			);
			path = MedixFinalProject;
			sourceTree = "<group>";
		};
		AE8502402442DB0200663917 /* DataBase */ = {
			isa = PBXGroup;
			children = (
				AE88D87A2443D38100B50538 /* FinalProjectDB.db */,
			);
			path = DataBase;
			sourceTree = "<group>";
		};
		AE8502412442DB1300663917 /* Assets */ = {
			isa = PBXGroup;
			children = (
				AE8502352442DA6C00663917 /* Assets.xcassets */,
			);
			path = Assets;
			sourceTree = "<group>";
		};
		AE8502422442DB2000663917 /* Story Boards */ = {
			isa = PBXGroup;
			children = (
				AE8502322442DA6A00663917 /* Main.storyboard */,
				AE8502372442DA6C00663917 /* LaunchScreen.storyboard */,
			);
			path = "Story Boards";
			sourceTree = "<group>";
		};
		AE8502432442DB3800663917 /* Classes */ = {
			isa = PBXGroup;
			children = (
				AE85024F2442DBCC00663917 /* SiteCell.swift */,
				AE85022E2442DA6A00663917 /* AppDelegate.swift */,
				AE8502512442DBEA00663917 /* FormData.swift */,
				AE8502532442DBFB00663917 /* RegisterData.swift */,
			);
			path = Classes;
			sourceTree = "<group>";
		};
		AE8502442442DB4700663917 /* View Controllers */ = {
			isa = PBXGroup;
			children = (
				AE8502302442DA6A00663917 /* ViewController.swift */,
				AE8502452442DB7500663917 /* RegisterViewController.swift */,
				AE8502472442DB8300663917 /* WebViewController.swift */,
				AE8502492442DB9100663917 /* HomeViewController.swift */,
				AE85024B2442DB9F00663917 /* FormViewController.swift */,
				AE85024D2442DBAC00663917 /* TableViewController.swift */,
			);
			path = "View Controllers";
			sourceTree = "<group>";
		};
		AE8BB4302445A69B00275084 /* Sounds */ = {
			isa = PBXGroup;
			children = (
				AE8BB4312445A6B500275084 /* jazz.mp3 */,
			);
			path = Sounds;
			sourceTree = "<group>";
		};
		AEE186612442EDC200B32005 /* Frameworks */ = {
			isa = PBXGroup;
			children = (
				AE8BB4332445A6CD00275084 /* AVFoundation.framework */,
				AEFA5E6824454EA7000F9AC5 /* EventKit.framework */,
				AEE186662443084A00B32005 /* MessageUI.framework */,
				AEE186622442EDC200B32005 /* libsqlite3.0.tbd */,
				AEE186632442EDC200B32005 /* libsqlite3.tbd */,
			);
			name = Frameworks;
			sourceTree = "<group>";
		};
/* End PBXGroup section */

/* Begin PBXNativeTarget section */
		AE85022A2442DA6A00663917 /* MedixFinalProject */ = {
			isa = PBXNativeTarget;
			buildConfigurationList = AE85023D2442DA6C00663917 /* Build configuration list for PBXNativeTarget "MedixFinalProject" */;
			buildPhases = (
				AE8502272442DA6A00663917 /* Sources */,
				AE8502282442DA6A00663917 /* Frameworks */,
				AE8502292442DA6A00663917 /* Resources */,
			);
			buildRules = (
			);
			dependencies = (
			);
			name = MedixFinalProject;
			productName = MedixFinalProject;
			productReference = AE85022B2442DA6A00663917 /* MedixFinalProject.app */;
			productType = "com.apple.product-type.application";
		};
/* End PBXNativeTarget section */

/* Begin PBXProject section */
		AE8502232442DA6A00663917 /* Project object */ = {
			isa = PBXProject;
			attributes = {
				LastSwiftUpdateCheck = 1030;
				LastUpgradeCheck = 1030;
				ORGANIZATIONNAME = "Xcode User";
				TargetAttributes = {
					AE85022A2442DA6A00663917 = {
						CreatedOnToolsVersion = 10.3;
					};
				};
			};
			buildConfigurationList = AE8502262442DA6A00663917 /* Build configuration list for PBXProject "MedixFinalProject" */;
			compatibilityVersion = "Xcode 9.3";
			developmentRegion = en;
			hasScannedForEncodings = 0;
			knownRegions = (
				en,
				Base,
			);
			mainGroup = AE8502222442DA6A00663917;
			productRefGroup = AE85022C2442DA6A00663917 /* Products */;
			projectDirPath = "";
			projectRoot = "";
			targets = (
				AE85022A2442DA6A00663917 /* MedixFinalProject */,
			);
		};
/* End PBXProject section */

/* Begin PBXResourcesBuildPhase section */
		AE8502292442DA6A00663917 /* Resources */ = {
			isa = PBXResourcesBuildPhase;
			buildActionMask = 2147483647;
			files = (
				AEFA5E4A24452167000F9AC5 /* fvWallpaper.jpg in Resources */,
				AE8502392442DA6C00663917 /* LaunchScreen.storyboard in Resources */,
				AEFA5E7124469AD3000F9AC5 /* male.png in Resources */,
				AE8BB42F24459BE300275084 /* logo.png in Resources */,
				AEFA5E6224454925000F9AC5 /* appTitle.png in Resources */,
				AEFA5E5A24454506000F9AC5 /* wallpaper.jpg in Resources */,
				AEFA5E7024469AD3000F9AC5 /* female.png in Resources */,
				AE8BB4322445A6B500275084 /* jazz.mp3 in Resources */,
				AEFA5E4C24452AE4000F9AC5 /* fvBackground.jpg in Resources */,
				AE8502362442DA6C00663917 /* Assets.xcassets in Resources */,
				AE8502342442DA6A00663917 /* Main.storyboard in Resources */,
				AE88D87B2443D38100B50538 /* FinalProjectDB.db in Resources */,
			);
			runOnlyForDeploymentPostprocessing = 0;
		};
/* End PBXResourcesBuildPhase section */

/* Begin PBXSourcesBuildPhase section */
		AE8502272442DA6A00663917 /* Sources */ = {
			isa = PBXSourcesBuildPhase;
			buildActionMask = 2147483647;
			files = (
				AE85024C2442DB9F00663917 /* FormViewController.swift in Sources */,
				AE85024E2442DBAC00663917 /* TableViewController.swift in Sources */,
				AE8502522442DBEA00663917 /* FormData.swift in Sources */,
				AE85024A2442DB9100663917 /* HomeViewController.swift in Sources */,
				AE8502462442DB7500663917 /* RegisterViewController.swift in Sources */,
				AE8502312442DA6A00663917 /* ViewController.swift in Sources */,
				AE85022F2442DA6A00663917 /* AppDelegate.swift in Sources */,
				AE8502502442DBCC00663917 /* SiteCell.swift in Sources */,
				AE8502542442DBFB00663917 /* RegisterData.swift in Sources */,
				AE8502482442DB8300663917 /* WebViewController.swift in Sources */,
			);
			runOnlyForDeploymentPostprocessing = 0;
		};
/* End PBXSourcesBuildPhase section */

/* Begin PBXVariantGroup section */
		AE8502322442DA6A00663917 /* Main.storyboard */ = {
			isa = PBXVariantGroup;
			children = (
				AE8502332442DA6A00663917 /* Base */,
			);
			name = Main.storyboard;
			sourceTree = "<group>";
		};
		AE8502372442DA6C00663917 /* LaunchScreen.storyboard */ = {
			isa = PBXVariantGroup;
			children = (
				AE8502382442DA6C00663917 /* Base */,
			);
			name = LaunchScreen.storyboard;
			sourceTree = "<group>";
		};
/* End PBXVariantGroup section */

/* Begin XCBuildConfiguration section */
		AE85023B2442DA6C00663917 /* Debug */ = {
			isa = XCBuildConfiguration;
			buildSettings = {
				ALWAYS_SEARCH_USER_PATHS = NO;
				CLANG_ANALYZER_NONNULL = YES;
				CLANG_ANALYZER_NUMBER_OBJECT_CONVERSION = YES_AGGRESSIVE;
				CLANG_CXX_LANGUAGE_STANDARD = "gnu++14";
				CLANG_CXX_LIBRARY = "libc++";
				CLANG_ENABLE_MODULES = YES;
				CLANG_ENABLE_OBJC_ARC = YES;
				CLANG_ENABLE_OBJC_WEAK = YES;
				CLANG_WARN_BLOCK_CAPTURE_AUTORELEASING = YES;
				CLANG_WARN_BOOL_CONVERSION = YES;
				CLANG_WARN_COMMA = YES;
				CLANG_WARN_CONSTANT_CONVERSION = YES;
				CLANG_WARN_DEPRECATED_OBJC_IMPLEMENTATIONS = YES;
				CLANG_WARN_DIRECT_OBJC_ISA_USAGE = YES_ERROR;
				CLANG_WARN_DOCUMENTATION_COMMENTS = YES;
				CLANG_WARN_EMPTY_BODY = YES;
				CLANG_WARN_ENUM_CONVERSION = YES;
				CLANG_WARN_INFINITE_RECURSION = YES;
				CLANG_WARN_INT_CONVERSION = YES;
				CLANG_WARN_NON_LITERAL_NULL_CONVERSION = YES;
				CLANG_WARN_OBJC_IMPLICIT_RETAIN_SELF = YES;
				CLANG_WARN_OBJC_LITERAL_CONVERSION = YES;
				CLANG_WARN_OBJC_ROOT_CLASS = YES_ERROR;
				CLANG_WARN_RANGE_LOOP_ANALYSIS = YES;
				CLANG_WARN_STRICT_PROTOTYPES = YES;
				CLANG_WARN_SUSPICIOUS_MOVE = YES;
				CLANG_WARN_UNGUARDED_AVAILABILITY = YES_AGGRESSIVE;
				CLANG_WARN_UNREACHABLE_CODE = YES;
				CLANG_WARN__DUPLICATE_METHOD_MATCH = YES;
				CODE_SIGN_IDENTITY = "iPhone Developer";
				COPY_PHASE_STRIP = NO;
				DEBUG_INFORMATION_FORMAT = dwarf;
				ENABLE_STRICT_OBJC_MSGSEND = YES;
				ENABLE_TESTABILITY = YES;
				GCC_C_LANGUAGE_STANDARD = gnu11;
				GCC_DYNAMIC_NO_PIC = NO;
				GCC_NO_COMMON_BLOCKS = YES;
				GCC_OPTIMIZATION_LEVEL = 0;
				GCC_PREPROCESSOR_DEFINITIONS = (
					"DEBUG=1",
					"$(inherited)",
				);
				GCC_WARN_64_TO_32_BIT_CONVERSION = YES;
				GCC_WARN_ABOUT_RETURN_TYPE = YES_ERROR;
				GCC_WARN_UNDECLARED_SELECTOR = YES;
				GCC_WARN_UNINITIALIZED_AUTOS = YES_AGGRESSIVE;
				GCC_WARN_UNUSED_FUNCTION = YES;
				GCC_WARN_UNUSED_VARIABLE = YES;
				IPHONEOS_DEPLOYMENT_TARGET = 12.4;
				MTL_ENABLE_DEBUG_INFO = INCLUDE_SOURCE;
				MTL_FAST_MATH = YES;
				ONLY_ACTIVE_ARCH = YES;
				SDKROOT = iphoneos;
				SWIFT_ACTIVE_COMPILATION_CONDITIONS = DEBUG;
				SWIFT_OPTIMIZATION_LEVEL = "-Onone";
			};
			name = Debug;
		};
		AE85023C2442DA6C00663917 /* Release */ = {
			isa = XCBuildConfiguration;
			buildSettings = {
				ALWAYS_SEARCH_USER_PATHS = NO;
				CLANG_ANALYZER_NONNULL = YES;
				CLANG_ANALYZER_NUMBER_OBJECT_CONVERSION = YES_AGGRESSIVE;
				CLANG_CXX_LANGUAGE_STANDARD = "gnu++14";
				CLANG_CXX_LIBRARY = "libc++";
				CLANG_ENABLE_MODULES = YES;
				CLANG_ENABLE_OBJC_ARC = YES;
				CLANG_ENABLE_OBJC_WEAK = YES;
				CLANG_WARN_BLOCK_CAPTURE_AUTORELEASING = YES;
				CLANG_WARN_BOOL_CONVERSION = YES;
				CLANG_WARN_COMMA = YES;
				CLANG_WARN_CONSTANT_CONVERSION = YES;
				CLANG_WARN_DEPRECATED_OBJC_IMPLEMENTATIONS = YES;
				CLANG_WARN_DIRECT_OBJC_ISA_USAGE = YES_ERROR;
				CLANG_WARN_DOCUMENTATION_COMMENTS = YES;
				CLANG_WARN_EMPTY_BODY = YES;
				CLANG_WARN_ENUM_CONVERSION = YES;
				CLANG_WARN_INFINITE_RECURSION = YES;
				CLANG_WARN_INT_CONVERSION = YES;
				CLANG_WARN_NON_LITERAL_NULL_CONVERSION = YES;
				CLANG_WARN_OBJC_IMPLICIT_RETAIN_SELF = YES;
				CLANG_WARN_OBJC_LITERAL_CONVERSION = YES;
				CLANG_WARN_OBJC_ROOT_CLASS = YES_ERROR;
				CLANG_WARN_RANGE_LOOP_ANALYSIS = YES;
				CLANG_WARN_STRICT_PROTOTYPES = YES;
				CLANG_WARN_SUSPICIOUS_MOVE = YES;
				CLANG_WARN_UNGUARDED_AVAILABILITY = YES_AGGRESSIVE;
				CLANG_WARN_UNREACHABLE_CODE = YES;
				CLANG_WARN__DUPLICATE_METHOD_MATCH = YES;
				CODE_SIGN_IDENTITY = "iPhone Developer";
				COPY_PHASE_STRIP = NO;
				DEBUG_INFORMATION_FORMAT = "dwarf-with-dsym";
				ENABLE_NS_ASSERTIONS = NO;
				ENABLE_STRICT_OBJC_MSGSEND = YES;
				GCC_C_LANGUAGE_STANDARD = gnu11;
				GCC_NO_COMMON_BLOCKS = YES;
				GCC_WARN_64_TO_32_BIT_CONVERSION = YES;
				GCC_WARN_ABOUT_RETURN_TYPE = YES_ERROR;
				GCC_WARN_UNDECLARED_SELECTOR = YES;
				GCC_WARN_UNINITIALIZED_AUTOS = YES_AGGRESSIVE;
				GCC_WARN_UNUSED_FUNCTION = YES;
				GCC_WARN_UNUSED_VARIABLE = YES;
				IPHONEOS_DEPLOYMENT_TARGET = 12.4;
				MTL_ENABLE_DEBUG_INFO = NO;
				MTL_FAST_MATH = YES;
				SDKROOT = iphoneos;
				SWIFT_COMPILATION_MODE = wholemodule;
				SWIFT_OPTIMIZATION_LEVEL = "-O";
				VALIDATE_PRODUCT = YES;
			};
			name = Release;
		};
		AE85023E2442DA6C00663917 /* Debug */ = {
			isa = XCBuildConfiguration;
			buildSettings = {
				ASSETCATALOG_COMPILER_APPICON_NAME = AppIcon;
				CODE_SIGN_IDENTITY = "iPhone Developer";
				CODE_SIGN_STYLE = Automatic;
				DEVELOPMENT_TEAM = "";
				INFOPLIST_FILE = MedixFinalProject/Info.plist;
				IPHONEOS_DEPLOYMENT_TARGET = 12.4;
				LD_RUNPATH_SEARCH_PATHS = (
					"$(inherited)",
					"@executable_path/Frameworks",
				);
				PRODUCT_BUNDLE_IDENTIFIER = xcode.MedixFinalProject;
				PRODUCT_NAME = "$(TARGET_NAME)";
				PROVISIONING_PROFILE_SPECIFIER = "";
				SWIFT_VERSION = 5.0;
				TARGETED_DEVICE_FAMILY = "1,2";
			};
			name = Debug;
		};
		AE85023F2442DA6C00663917 /* Release */ = {
			isa = XCBuildConfiguration;
			buildSettings = {
				ASSETCATALOG_COMPILER_APPICON_NAME = AppIcon;
				CODE_SIGN_IDENTITY = "iPhone Developer";
				CODE_SIGN_STYLE = Automatic;
				DEVELOPMENT_TEAM = "";
				INFOPLIST_FILE = MedixFinalProject/Info.plist;
				IPHONEOS_DEPLOYMENT_TARGET = 12.4;
				LD_RUNPATH_SEARCH_PATHS = (
					"$(inherited)",
					"@executable_path/Frameworks",
				);
				PRODUCT_BUNDLE_IDENTIFIER = xcode.MedixFinalProject;
				PRODUCT_NAME = "$(TARGET_NAME)";
				PROVISIONING_PROFILE_SPECIFIER = "";
				SWIFT_VERSION = 5.0;
				TARGETED_DEVICE_FAMILY = "1,2";
			};
			name = Release;
		};
/* End XCBuildConfiguration section */

/* Begin XCConfigurationList section */
		AE8502262442DA6A00663917 /* Build configuration list for PBXProject "MedixFinalProject" */ = {
			isa = XCConfigurationList;
			buildConfigurations = (
				AE85023B2442DA6C00663917 /* Debug */,
				AE85023C2442DA6C00663917 /* Release */,
			);
			defaultConfigurationIsVisible = 0;
			defaultConfigurationName = Release;
		};
		AE85023D2442DA6C00663917 /* Build configuration list for PBXNativeTarget "MedixFinalProject" */ = {
			isa = XCConfigurationList;
			buildConfigurations = (
				AE85023E2442DA6C00663917 /* Debug */,
				AE85023F2442DA6C00663917 /* Release */,
			);
			defaultConfigurationIsVisible = 0;
			defaultConfigurationName = Release;
		};
/* End XCConfigurationList section */
	};
	rootObject = AE8502232442DA6A00663917 /* Project object */;
}
